
Microsoft Visual Studio Solution File, Format Version 12.00
# Visual Studio Version 16
VisualStudioVersion = 16.0.31515.178
MinimumVisualStudioVersion = 10.0.40219.1
Project("{FAE04EC0-301F-11D3-BF4B-00C04F79EFBC}") = "Presentation", "Presentation\Presentation.csproj", "{E1B5BBFE-951C-4F33-8953-8360EB24F05C}"
EndProject
Project("{FAE04EC0-301F-11D3-BF4B-00C04F79EFBC}") = "Entity", "Entity\Entity.csproj", "{C2587E03-F2DB-4304-9648-A2EC002920CC}"
EndProject
Project("{FAE04EC0-301F-11D3-BF4B-00C04F79EFBC}") = "DataAccess", "DataAccess\DataAccess.csproj", "{6649744B-B562-486B-92DB-C67B1E09334B}"
EndProject
Project("{FAE04EC0-301F-11D3-BF4B-00C04F79EFBC}") = "Buesiness", "Buesiness\Buesiness.csproj", "{5126FC61-8B9D-4DB1-92DA-EAF108A46311}"
EndProject
Project("{FAE04EC0-301F-11D3-BF4B-00C04F79EFBC}") = "Core", "Core\Core.csproj", "{BE441DD5-5ACC-4753-B6F9-52B3887BC0C6}"
EndProject
Global
	GlobalSection(SolutionConfigurationPlatforms) = preSolution
		Debug|Any CPU = Debug|Any CPU
		Release|Any CPU = Release|Any CPU
	EndGlobalSection
	GlobalSection(ProjectConfigurationPlatforms) = postSolution
		{E1B5BBFE-951C-4F33-8953-8360EB24F05C}.Debug|Any CPU.ActiveCfg = Debug|Any CPU
		{E1B5BBFE-951C-4F33-8953-8360EB24F05C}.Debug|Any CPU.Build.0 = Debug|Any CPU
		{E1B5BBFE-951C-4F33-8953-8360EB24F05C}.Release|Any CPU.ActiveCfg = Release|Any CPU
		{E1B5BBFE-951C-4F33-8953-8360EB24F05C}.Release|Any CPU.Build.0 = Release|Any CPU
		{C2587E03-F2DB-4304-9648-A2EC002920CC}.Debug|Any CPU.ActiveCfg = Debug|Any CPU
		{C2587E03-F2DB-4304-9648-A2EC002920CC}.Debug|Any CPU.Build.0 = Debug|Any CPU
		{C2587E03-F2DB-4304-9648-A2EC002920CC}.Release|Any CPU.ActiveCfg = Release|Any CPU
		{C2587E03-F2DB-4304-9648-A2EC002920CC}.Release|Any CPU.Build.0 = Release|Any CPU
		{6649744B-B562-486B-92DB-C67B1E09334B}.Debug|Any CPU.ActiveCfg = Debug|Any CPU
		{6649744B-B562-486B-92DB-C67B1E09334B}.Debug|Any CPU.Build.0 = Debug|Any CPU
		{6649744B-B562-486B-92DB-C67B1E09334B}.Release|Any CPU.ActiveCfg = Release|Any CPU
		{6649744B-B562-486B-92DB-C67B1E09334B}.Release|Any CPU.Build.0 = Release|Any CPU
		{5126FC61-8B9D-4DB1-92DA-EAF108A46311}.Debug|Any CPU.ActiveCfg = Debug|Any CPU
		{5126FC61-8B9D-4DB1-92DA-EAF108A46311}.Debug|Any CPU.Build.0 = Debug|Any CPU
		{5126FC61-8B9D-4DB1-92DA-EAF108A46311}.Release|Any CPU.ActiveCfg = Release|Any CPU
		{5126FC61-8B9D-4DB1-92DA-EAF108A46311}.Release|Any CPU.Build.0 = Release|Any CPU
		{BE441DD5-5ACC-4753-B6F9-52B3887BC0C6}.Debug|Any CPU.ActiveCfg = Debug|Any CPU
		{BE441DD5-5ACC-4753-B6F9-52B3887BC0C6}.Debug|Any CPU.Build.0 = Debug|Any CPU
		{BE441DD5-5ACC-4753-B6F9-52B3887BC0C6}.Release|Any CPU.ActiveCfg = Release|Any CPU
		{BE441DD5-5ACC-4753-B6F9-52B3887BC0C6}.Release|Any CPU.Build.0 = Release|Any CPU
	EndGlobalSection
	GlobalSection(SolutionProperties) = preSolution
		HideSolutionNode = FALSE
	EndGlobalSection
	GlobalSection(ExtensibilityGlobals) = postSolution
		SolutionGuid = {13299B38-7B71-4251-B0D4-630AD2E49A1B}
	EndGlobalSection
EndGlobal
